{
  "name": "kcalio",
  "lockfileVersion": 3,
  "requires": true,
  "packages": {
    "": {
      "dependencies": {
        "@floating-ui/dom": "^1.6.4"
      }
    },
    "node_modules/@floating-ui/core": {
      "version": "1.6.1",
      "resolved": "https://registry.npmjs.org/@floating-ui/core/-/core-1.6.1.tgz",
      "integrity": "sha512-42UH54oPZHPdRHdw6BgoBD6cg/eVTmVrFcgeRDM3jbO7uxSoipVcmcIGFcA5jmOHO5apcyvBhkSKES3fQJnu7A==",
      "dependencies": {
        "@floating-ui/utils": "^0.2.0"
      }
    },
    "node_modules/@floating-ui/dom": {
      "version": "1.6.4",
      "resolved": "https://registry.npmjs.org/@floating-ui/dom/-/dom-1.6.4.tgz",
      "integrity": "sha512-0G8R+zOvQsAG1pg2Q99P21jiqxqGBW1iRe/iXHsBRBxnpXKFI8QwbB4x5KmYLggNO5m34IQgOIu9SCRfR/WWiQ==",
      "dependencies": {
        "@floating-ui/core": "^1.0.0",
        "@floating-ui/utils": "^0.2.0"
      }
    },
    "node_modules/@floating-ui/utils": {
      "version": "0.2.2",
      "resolved": "https://registry.npmjs.org/@floating-ui/utils/-/utils-0.2.2.tgz",
      "integrity": "sha512-J4yDIIthosAsRZ5CPYP/jQvUAQtlZTTD/4suA08/FEnlxqW3sKS9iAhgsa9VYLZ6vDHn/ixJgIqRQPotoBjxIw=="
    }
  }
}
